
Microsoft Visual Studio Solution File, Format Version 12.00
# Visual Studio Version 16
VisualStudioVersion = 16.0.30611.23
MinimumVisualStudioVersion = 10.0.40219.1
Project("{FAE04EC0-301F-11D3-BF4B-00C04F79EFBC}") = "Overload_Operator_IdChecker2", "Overload_Operator_IdChecker2\Overload_Operator_IdChecker2.csproj", "{AD594BB8-DAF4-4E54-B86E-C16371AECA41}"
EndProject
Global
	GlobalSection(SolutionConfigurationPlatforms) = preSolution
		Debug|Any CPU = Debug|Any CPU
		Release|Any CPU = Release|Any CPU
	EndGlobalSection
	GlobalSection(ProjectConfigurationPlatforms) = postSolution
		{AD594BB8-DAF4-4E54-B86E-C16371AECA41}.Debug|Any CPU.ActiveCfg = Debug|Any CPU
		{AD594BB8-DAF4-4E54-B86E-C16371AECA41}.Debug|Any CPU.Build.0 = Debug|Any CPU
		{AD594BB8-DAF4-4E54-B86E-C16371AECA41}.Release|Any CPU.ActiveCfg = Release|Any CPU
		{AD594BB8-DAF4-4E54-B86E-C16371AECA41}.Release|Any CPU.Build.0 = Release|Any CPU
	EndGlobalSection
	GlobalSection(SolutionProperties) = preSolution
		HideSolutionNode = FALSE
	EndGlobalSection
	GlobalSection(ExtensibilityGlobals) = postSolution
		SolutionGuid = {30FEF389-E944-492F-963A-66EB5086FE44}
	EndGlobalSection
EndGlobal
